
Microsoft Visual Studio Solution File, Format Version 12.00
# Visual Studio Version 16
VisualStudioVersion = 16.0.31702.278
MinimumVisualStudioVersion = 10.0.40219.1
Project("{9A19103F-16F7-4668-BE54-9A1E7A4F7556}") = "VINCENT.Nicolas.Poo.Tracker.Domains", "VINCENT.Nicolas.Poo.Tracker.Domains\VINCENT.Nicolas.Poo.Tracker.Domains.csproj", "{4609B236-33BA-4FF3-A5E7-434286EFF6D4}"
EndProject
Project("{9A19103F-16F7-4668-BE54-9A1E7A4F7556}") = "VINCENT.Nicolas.Poo.Tracker.Gui", "VINCENT.Nicolas.Poo.Tracker.Gui\VINCENT.Nicolas.Poo.Tracker.Gui.csproj", "{6B5ACA67-3FA4-4BF2-A435-39BF6F05F790}"
EndProject
Project("{9A19103F-16F7-4668-BE54-9A1E7A4F7556}") = "VINCENT.Nicolas.Poo.Tracker.Controllers", "VINCENT.Nicolas.Poo.Tracker.Controllers\VINCENT.Nicolas.Poo.Tracker.Controllers.csproj", "{C672FB57-AC85-4D7C-AD03-B22BE300A788}"
EndProject
Project("{9A19103F-16F7-4668-BE54-9A1E7A4F7556}") = "VINCENT.Nicolas.Poo.Tracker.Tests", "VINCENT.Nicolas.Poo.Tracker.Tests\VINCENT.Nicolas.Poo.Tracker.Tests.csproj", "{D6029883-B8E1-4CCA-B20E-0C5A1BE2D7C9}"
EndProject
Project("{9A19103F-16F7-4668-BE54-9A1E7A4F7556}") = "VINCENT.Nicolas.Poo.Tracker.Datas", "VINCENT.Nicolas.Poo.Tracker.Datas\VINCENT.Nicolas.Poo.Tracker.Datas.csproj", "{89AFBA46-3C22-4C58-8231-E41363C69B2B}"
EndProject
Project("{2150E333-8FDC-42A3-9474-1A3956D46DE8}") = "Solution Items", "Solution Items", "{0302A1AB-9D79-421E-B426-1AA5EDA16AF4}"
	ProjectSection(SolutionItems) = preProject
		README.txt = README.txt
	EndProjectSection
EndProject
Global
	GlobalSection(SolutionConfigurationPlatforms) = preSolution
		Debug|Any CPU = Debug|Any CPU
		Release|Any CPU = Release|Any CPU
	EndGlobalSection
	GlobalSection(ProjectConfigurationPlatforms) = postSolution
		{4609B236-33BA-4FF3-A5E7-434286EFF6D4}.Debug|Any CPU.ActiveCfg = Debug|Any CPU
		{4609B236-33BA-4FF3-A5E7-434286EFF6D4}.Debug|Any CPU.Build.0 = Debug|Any CPU
		{4609B236-33BA-4FF3-A5E7-434286EFF6D4}.Release|Any CPU.ActiveCfg = Release|Any CPU
		{4609B236-33BA-4FF3-A5E7-434286EFF6D4}.Release|Any CPU.Build.0 = Release|Any CPU
		{6B5ACA67-3FA4-4BF2-A435-39BF6F05F790}.Debug|Any CPU.ActiveCfg = Debug|Any CPU
		{6B5ACA67-3FA4-4BF2-A435-39BF6F05F790}.Debug|Any CPU.Build.0 = Debug|Any CPU
		{6B5ACA67-3FA4-4BF2-A435-39BF6F05F790}.Release|Any CPU.ActiveCfg = Release|Any CPU
		{6B5ACA67-3FA4-4BF2-A435-39BF6F05F790}.Release|Any CPU.Build.0 = Release|Any CPU
		{C672FB57-AC85-4D7C-AD03-B22BE300A788}.Debug|Any CPU.ActiveCfg = Debug|Any CPU
		{C672FB57-AC85-4D7C-AD03-B22BE300A788}.Debug|Any CPU.Build.0 = Debug|Any CPU
		{C672FB57-AC85-4D7C-AD03-B22BE300A788}.Release|Any CPU.ActiveCfg = Release|Any CPU
		{C672FB57-AC85-4D7C-AD03-B22BE300A788}.Release|Any CPU.Build.0 = Release|Any CPU
		{D6029883-B8E1-4CCA-B20E-0C5A1BE2D7C9}.Debug|Any CPU.ActiveCfg = Debug|Any CPU
		{D6029883-B8E1-4CCA-B20E-0C5A1BE2D7C9}.Debug|Any CPU.Build.0 = Debug|Any CPU
		{D6029883-B8E1-4CCA-B20E-0C5A1BE2D7C9}.Release|Any CPU.ActiveCfg = Release|Any CPU
		{D6029883-B8E1-4CCA-B20E-0C5A1BE2D7C9}.Release|Any CPU.Build.0 = Release|Any CPU
		{89AFBA46-3C22-4C58-8231-E41363C69B2B}.Debug|Any CPU.ActiveCfg = Debug|Any CPU
		{89AFBA46-3C22-4C58-8231-E41363C69B2B}.Debug|Any CPU.Build.0 = Debug|Any CPU
		{89AFBA46-3C22-4C58-8231-E41363C69B2B}.Release|Any CPU.ActiveCfg = Release|Any CPU
		{89AFBA46-3C22-4C58-8231-E41363C69B2B}.Release|Any CPU.Build.0 = Release|Any CPU
	EndGlobalSection
	GlobalSection(SolutionProperties) = preSolution
		HideSolutionNode = FALSE
	EndGlobalSection
	GlobalSection(ExtensibilityGlobals) = postSolution
		SolutionGuid = {7503A515-A7D3-4258-90F4-1F8C01936F4F}
	EndGlobalSection
EndGlobal
